
Microsoft Visual Studio Solution File, Format Version 12.00
# Visual Studio Version 17
VisualStudioVersion = 17.7.34031.279
MinimumVisualStudioVersion = 10.0.40219.1
Project("{FAE04EC0-301F-11D3-BF4B-00C04F79EFBC}") = "SistemaInventario", "SistemaInventario\SistemaInventario.csproj", "{14F09879-F6AB-4885-854D-0EDCD2642CAE}"
EndProject
Global
	GlobalSection(SolutionConfigurationPlatforms) = preSolution
		Debug|Any CPU = Debug|Any CPU
		Release|Any CPU = Release|Any CPU
	EndGlobalSection
	GlobalSection(ProjectConfigurationPlatforms) = postSolution
		{14F09879-F6AB-4885-854D-0EDCD2642CAE}.Debug|Any CPU.ActiveCfg = Debug|Any CPU
		{14F09879-F6AB-4885-854D-0EDCD2642CAE}.Debug|Any CPU.Build.0 = Debug|Any CPU
		{14F09879-F6AB-4885-854D-0EDCD2642CAE}.Release|Any CPU.ActiveCfg = Release|Any CPU
		{14F09879-F6AB-4885-854D-0EDCD2642CAE}.Release|Any CPU.Build.0 = Release|Any CPU
	EndGlobalSection
	GlobalSection(SolutionProperties) = preSolution
		HideSolutionNode = FALSE
	EndGlobalSection
	GlobalSection(ExtensibilityGlobals) = postSolution
		SolutionGuid = {6E164B85-6C89-4938-B597-500F7A98510B}
	EndGlobalSection
EndGlobal
